
Microsoft Visual Studio Solution File, Format Version 12.00
# Visual Studio 2013
VisualStudioVersion = 12.0.21005.1
MinimumVisualStudioVersion = 10.0.40219.1
Project("{FAE04EC0-301F-11D3-BF4B-00C04F79EFBC}") = "Node Server", "Node Server.csproj", "{D5638EA2-3B11-4116-AC76-8366820E7A02}"
EndProject
Project("{FAE04EC0-301F-11D3-BF4B-00C04F79EFBC}") = "REST Server", "REST Server.csproj", "{2B47741F-C964-41B9-AD80-356AB3ECBEFC}"
EndProject
Project("{FAE04EC0-301F-11D3-BF4B-00C04F79EFBC}") = "Admin Panel", "Admin Panel.csproj", "{567A0DAD-54DF-4CE8-AC76-CE252FA8EB43}"
EndProject
Project("{FAE04EC0-301F-11D3-BF4B-00C04F79EFBC}") = "Launcher", "launcher\Launcher.csproj", "{4F234BE7-54C3-4682-8EAA-7C1CDFD35D20}"
EndProject
Global
	GlobalSection(SolutionConfigurationPlatforms) = preSolution
		Debug|Any CPU = Debug|Any CPU
		Release|Any CPU = Release|Any CPU
	EndGlobalSection
	GlobalSection(ProjectConfigurationPlatforms) = postSolution
		{D5638EA2-3B11-4116-AC76-8366820E7A02}.Debug|Any CPU.ActiveCfg = Debug|Any CPU
		{D5638EA2-3B11-4116-AC76-8366820E7A02}.Debug|Any CPU.Build.0 = Debug|Any CPU
		{D5638EA2-3B11-4116-AC76-8366820E7A02}.Release|Any CPU.ActiveCfg = Release|Any CPU
		{D5638EA2-3B11-4116-AC76-8366820E7A02}.Release|Any CPU.Build.0 = Release|Any CPU
		{2B47741F-C964-41B9-AD80-356AB3ECBEFC}.Debug|Any CPU.ActiveCfg = Debug|Any CPU
		{2B47741F-C964-41B9-AD80-356AB3ECBEFC}.Debug|Any CPU.Build.0 = Debug|Any CPU
		{2B47741F-C964-41B9-AD80-356AB3ECBEFC}.Release|Any CPU.ActiveCfg = Release|Any CPU
		{2B47741F-C964-41B9-AD80-356AB3ECBEFC}.Release|Any CPU.Build.0 = Release|Any CPU
		{567A0DAD-54DF-4CE8-AC76-CE252FA8EB43}.Debug|Any CPU.ActiveCfg = Debug|Any CPU
		{567A0DAD-54DF-4CE8-AC76-CE252FA8EB43}.Debug|Any CPU.Build.0 = Debug|Any CPU
		{567A0DAD-54DF-4CE8-AC76-CE252FA8EB43}.Release|Any CPU.ActiveCfg = Release|Any CPU
		{567A0DAD-54DF-4CE8-AC76-CE252FA8EB43}.Release|Any CPU.Build.0 = Release|Any CPU
		{4F234BE7-54C3-4682-8EAA-7C1CDFD35D20}.Debug|Any CPU.ActiveCfg = Debug|Any CPU
		{4F234BE7-54C3-4682-8EAA-7C1CDFD35D20}.Debug|Any CPU.Build.0 = Debug|Any CPU
		{4F234BE7-54C3-4682-8EAA-7C1CDFD35D20}.Release|Any CPU.ActiveCfg = Release|Any CPU
		{4F234BE7-54C3-4682-8EAA-7C1CDFD35D20}.Release|Any CPU.Build.0 = Release|Any CPU
	EndGlobalSection
	GlobalSection(SolutionProperties) = preSolution
		HideSolutionNode = FALSE
	EndGlobalSection
EndGlobal
