
Microsoft Visual Studio Solution File, Format Version 12.00
# Visual Studio 2012
Project("{E24C65DC-7377-472B-9ABA-BC803B73C61A}") = "JSDC Server", ".", "{334D6361-DCEF-4549-BBFB-8D1A97E9EDCF}"
	ProjectSection(WebsiteProperties) = preProject
		TargetFrameworkMoniker = ".NETFramework,Version%3Dv4.0"
		Debug.AspNetCompiler.VirtualPath = "/JSDC Server"
		Debug.AspNetCompiler.PhysicalPath = "..\..\..\..\..\..\JSDC Server\"
		Debug.AspNetCompiler.TargetPath = "PrecompiledWeb\JSDC Server\"
		Debug.AspNetCompiler.Updateable = "true"
		Debug.AspNetCompiler.ForceOverwrite = "true"
		Debug.AspNetCompiler.FixedNames = "false"
		Debug.AspNetCompiler.Debug = "True"
		Release.AspNetCompiler.VirtualPath = "/JSDC Server"
		Release.AspNetCompiler.PhysicalPath = "..\..\..\..\..\..\JSDC Server\"
		Release.AspNetCompiler.TargetPath = "PrecompiledWeb\JSDC Server\"
		Release.AspNetCompiler.Updateable = "true"
		Release.AspNetCompiler.ForceOverwrite = "true"
		Release.AspNetCompiler.FixedNames = "false"
		Release.AspNetCompiler.Debug = "False"
		VWDPort = "59213"
	EndProjectSection
EndProject
Global
	GlobalSection(SolutionConfigurationPlatforms) = preSolution
		Debug|Any CPU = Debug|Any CPU
	EndGlobalSection
	GlobalSection(ProjectConfigurationPlatforms) = postSolution
		{334D6361-DCEF-4549-BBFB-8D1A97E9EDCF}.Debug|Any CPU.ActiveCfg = Debug|Any CPU
		{334D6361-DCEF-4549-BBFB-8D1A97E9EDCF}.Debug|Any CPU.Build.0 = Debug|Any CPU
	EndGlobalSection
	GlobalSection(SolutionProperties) = preSolution
		HideSolutionNode = FALSE
	EndGlobalSection
EndGlobal
